
Microsoft Visual Studio Solution File, Format Version 12.00
# Visual Studio 2013
VisualStudioVersion = 12.0.31101.0
MinimumVisualStudioVersion = 10.0.40219.1
Project("{FAE04EC0-301F-11D3-BF4B-00C04F79EFBC}") = "MobilePodcastApp.WinPhone", "MobilePodcastApp.WinPhone\MobilePodcastApp.WinPhone.csproj", "{CEE8D254-473B-427E-A3CE-027B0B3A9385}"
EndProject
Project("{FAE04EC0-301F-11D3-BF4B-00C04F79EFBC}") = "MobilePodcastApp.iOS", "MobilePodcastApp.iOS\MobilePodcastApp.iOS.csproj", "{8F4CA4B3-74DB-4957-B60E-66434E6C004D}"
EndProject
Project("{FAE04EC0-301F-11D3-BF4B-00C04F79EFBC}") = "MobilePodcastApp.Droid", "MobilePodcastApp.Droid\MobilePodcastApp.Droid.csproj", "{3780F5DC-8EF2-4802-AFD2-A654870A603F}"
EndProject
Project("{D954291E-2A0B-460D-934E-DC6B0785DB48}") = "MobilePodcastApp", "MobilePodcastApp\MobilePodcastApp.shproj", "{4E2DE45B-BCC0-4226-9ED2-B56C51A990DD}"
EndProject
Project("{FAE04EC0-301F-11D3-BF4B-00C04F79EFBC}") = "WindowsPhonePlaybackAgent", "WindowsPhonePlaybackAgent\WindowsPhonePlaybackAgent.csproj", "{756858C5-16BA-4E01-A3A8-4706D12DBA78}"
EndProject
Global
	GlobalSection(SharedMSBuildProjectFiles) = preSolution
		MobilePodcastApp\MobilePodcastApp.projitems*{cee8d254-473b-427e-a3ce-027b0b3a9385}*SharedItemsImports = 4
		MobilePodcastApp\MobilePodcastApp.projitems*{8f4ca4b3-74db-4957-b60e-66434e6c004d}*SharedItemsImports = 4
		MobilePodcastApp\MobilePodcastApp.projitems*{3780f5dc-8ef2-4802-afd2-a654870a603f}*SharedItemsImports = 4
		MobilePodcastApp\MobilePodcastApp.projitems*{4e2de45b-bcc0-4226-9ed2-b56c51a990dd}*SharedItemsImports = 13
	EndGlobalSection
	GlobalSection(SolutionConfigurationPlatforms) = preSolution
		Ad-Hoc|Any CPU = Ad-Hoc|Any CPU
		Ad-Hoc|ARM = Ad-Hoc|ARM
		Ad-Hoc|iPhone = Ad-Hoc|iPhone
		Ad-Hoc|iPhoneSimulator = Ad-Hoc|iPhoneSimulator
		Ad-Hoc|Mixed Platforms = Ad-Hoc|Mixed Platforms
		Ad-Hoc|x86 = Ad-Hoc|x86
		AppStore|Any CPU = AppStore|Any CPU
		AppStore|ARM = AppStore|ARM
		AppStore|iPhone = AppStore|iPhone
		AppStore|iPhoneSimulator = AppStore|iPhoneSimulator
		AppStore|Mixed Platforms = AppStore|Mixed Platforms
		AppStore|x86 = AppStore|x86
		Debug|Any CPU = Debug|Any CPU
		Debug|ARM = Debug|ARM
		Debug|iPhone = Debug|iPhone
		Debug|iPhoneSimulator = Debug|iPhoneSimulator
		Debug|Mixed Platforms = Debug|Mixed Platforms
		Debug|x86 = Debug|x86
		Release|Any CPU = Release|Any CPU
		Release|ARM = Release|ARM
		Release|iPhone = Release|iPhone
		Release|iPhoneSimulator = Release|iPhoneSimulator
		Release|Mixed Platforms = Release|Mixed Platforms
		Release|x86 = Release|x86
	EndGlobalSection
	GlobalSection(ProjectConfigurationPlatforms) = postSolution
		{CEE8D254-473B-427E-A3CE-027B0B3A9385}.Ad-Hoc|Any CPU.ActiveCfg = Release|Any CPU
		{CEE8D254-473B-427E-A3CE-027B0B3A9385}.Ad-Hoc|Any CPU.Build.0 = Release|Any CPU
		{CEE8D254-473B-427E-A3CE-027B0B3A9385}.Ad-Hoc|Any CPU.Deploy.0 = Release|Any CPU
		{CEE8D254-473B-427E-A3CE-027B0B3A9385}.Ad-Hoc|ARM.ActiveCfg = Release|ARM
		{CEE8D254-473B-427E-A3CE-027B0B3A9385}.Ad-Hoc|ARM.Build.0 = Release|ARM
		{CEE8D254-473B-427E-A3CE-027B0B3A9385}.Ad-Hoc|ARM.Deploy.0 = Release|ARM
		{CEE8D254-473B-427E-A3CE-027B0B3A9385}.Ad-Hoc|iPhone.ActiveCfg = Release|Any CPU
		{CEE8D254-473B-427E-A3CE-027B0B3A9385}.Ad-Hoc|iPhoneSimulator.ActiveCfg = Release|Any CPU
		{CEE8D254-473B-427E-A3CE-027B0B3A9385}.Ad-Hoc|Mixed Platforms.ActiveCfg = Release|x86
		{CEE8D254-473B-427E-A3CE-027B0B3A9385}.Ad-Hoc|Mixed Platforms.Build.0 = Release|x86
		{CEE8D254-473B-427E-A3CE-027B0B3A9385}.Ad-Hoc|Mixed Platforms.Deploy.0 = Release|x86
		{CEE8D254-473B-427E-A3CE-027B0B3A9385}.Ad-Hoc|x86.ActiveCfg = Release|x86
		{CEE8D254-473B-427E-A3CE-027B0B3A9385}.Ad-Hoc|x86.Build.0 = Release|x86
		{CEE8D254-473B-427E-A3CE-027B0B3A9385}.Ad-Hoc|x86.Deploy.0 = Release|x86
		{CEE8D254-473B-427E-A3CE-027B0B3A9385}.AppStore|Any CPU.ActiveCfg = Release|Any CPU
		{CEE8D254-473B-427E-A3CE-027B0B3A9385}.AppStore|Any CPU.Build.0 = Release|Any CPU
		{CEE8D254-473B-427E-A3CE-027B0B3A9385}.AppStore|Any CPU.Deploy.0 = Release|Any CPU
		{CEE8D254-473B-427E-A3CE-027B0B3A9385}.AppStore|ARM.ActiveCfg = Release|ARM
		{CEE8D254-473B-427E-A3CE-027B0B3A9385}.AppStore|ARM.Build.0 = Release|ARM
		{CEE8D254-473B-427E-A3CE-027B0B3A9385}.AppStore|ARM.Deploy.0 = Release|ARM
		{CEE8D254-473B-427E-A3CE-027B0B3A9385}.AppStore|iPhone.ActiveCfg = Release|Any CPU
		{CEE8D254-473B-427E-A3CE-027B0B3A9385}.AppStore|iPhoneSimulator.ActiveCfg = Release|Any CPU
		{CEE8D254-473B-427E-A3CE-027B0B3A9385}.AppStore|Mixed Platforms.ActiveCfg = Release|x86
		{CEE8D254-473B-427E-A3CE-027B0B3A9385}.AppStore|Mixed Platforms.Build.0 = Release|x86
		{CEE8D254-473B-427E-A3CE-027B0B3A9385}.AppStore|Mixed Platforms.Deploy.0 = Release|x86
		{CEE8D254-473B-427E-A3CE-027B0B3A9385}.AppStore|x86.ActiveCfg = Release|x86
		{CEE8D254-473B-427E-A3CE-027B0B3A9385}.AppStore|x86.Build.0 = Release|x86
		{CEE8D254-473B-427E-A3CE-027B0B3A9385}.AppStore|x86.Deploy.0 = Release|x86
		{CEE8D254-473B-427E-A3CE-027B0B3A9385}.Debug|Any CPU.ActiveCfg = Debug|Any CPU
		{CEE8D254-473B-427E-A3CE-027B0B3A9385}.Debug|Any CPU.Build.0 = Debug|Any CPU
		{CEE8D254-473B-427E-A3CE-027B0B3A9385}.Debug|Any CPU.Deploy.0 = Debug|Any CPU
		{CEE8D254-473B-427E-A3CE-027B0B3A9385}.Debug|ARM.ActiveCfg = Debug|ARM
		{CEE8D254-473B-427E-A3CE-027B0B3A9385}.Debug|ARM.Build.0 = Debug|ARM
		{CEE8D254-473B-427E-A3CE-027B0B3A9385}.Debug|ARM.Deploy.0 = Debug|ARM
		{CEE8D254-473B-427E-A3CE-027B0B3A9385}.Debug|iPhone.ActiveCfg = Debug|Any CPU
		{CEE8D254-473B-427E-A3CE-027B0B3A9385}.Debug|iPhoneSimulator.ActiveCfg = Debug|Any CPU
		{CEE8D254-473B-427E-A3CE-027B0B3A9385}.Debug|Mixed Platforms.ActiveCfg = Debug|x86
		{CEE8D254-473B-427E-A3CE-027B0B3A9385}.Debug|Mixed Platforms.Build.0 = Debug|x86
		{CEE8D254-473B-427E-A3CE-027B0B3A9385}.Debug|Mixed Platforms.Deploy.0 = Debug|x86
		{CEE8D254-473B-427E-A3CE-027B0B3A9385}.Debug|x86.ActiveCfg = Debug|x86
		{CEE8D254-473B-427E-A3CE-027B0B3A9385}.Debug|x86.Build.0 = Debug|x86
		{CEE8D254-473B-427E-A3CE-027B0B3A9385}.Debug|x86.Deploy.0 = Debug|x86
		{CEE8D254-473B-427E-A3CE-027B0B3A9385}.Release|Any CPU.ActiveCfg = Release|Any CPU
		{CEE8D254-473B-427E-A3CE-027B0B3A9385}.Release|Any CPU.Build.0 = Release|Any CPU
		{CEE8D254-473B-427E-A3CE-027B0B3A9385}.Release|Any CPU.Deploy.0 = Release|Any CPU
		{CEE8D254-473B-427E-A3CE-027B0B3A9385}.Release|ARM.ActiveCfg = Release|ARM
		{CEE8D254-473B-427E-A3CE-027B0B3A9385}.Release|ARM.Build.0 = Release|ARM
		{CEE8D254-473B-427E-A3CE-027B0B3A9385}.Release|ARM.Deploy.0 = Release|ARM
		{CEE8D254-473B-427E-A3CE-027B0B3A9385}.Release|iPhone.ActiveCfg = Release|Any CPU
		{CEE8D254-473B-427E-A3CE-027B0B3A9385}.Release|iPhoneSimulator.ActiveCfg = Release|Any CPU
		{CEE8D254-473B-427E-A3CE-027B0B3A9385}.Release|Mixed Platforms.ActiveCfg = Release|x86
		{CEE8D254-473B-427E-A3CE-027B0B3A9385}.Release|Mixed Platforms.Build.0 = Release|x86
		{CEE8D254-473B-427E-A3CE-027B0B3A9385}.Release|Mixed Platforms.Deploy.0 = Release|x86
		{CEE8D254-473B-427E-A3CE-027B0B3A9385}.Release|x86.ActiveCfg = Release|x86
		{CEE8D254-473B-427E-A3CE-027B0B3A9385}.Release|x86.Build.0 = Release|x86
		{CEE8D254-473B-427E-A3CE-027B0B3A9385}.Release|x86.Deploy.0 = Release|x86
		{8F4CA4B3-74DB-4957-B60E-66434E6C004D}.Ad-Hoc|Any CPU.ActiveCfg = Ad-Hoc|iPhone
		{8F4CA4B3-74DB-4957-B60E-66434E6C004D}.Ad-Hoc|ARM.ActiveCfg = Ad-Hoc|iPhone
		{8F4CA4B3-74DB-4957-B60E-66434E6C004D}.Ad-Hoc|iPhone.ActiveCfg = Ad-Hoc|iPhone
		{8F4CA4B3-74DB-4957-B60E-66434E6C004D}.Ad-Hoc|iPhone.Build.0 = Ad-Hoc|iPhone
		{8F4CA4B3-74DB-4957-B60E-66434E6C004D}.Ad-Hoc|iPhoneSimulator.ActiveCfg = Ad-Hoc|iPhoneSimulator
		{8F4CA4B3-74DB-4957-B60E-66434E6C004D}.Ad-Hoc|iPhoneSimulator.Build.0 = Ad-Hoc|iPhoneSimulator
		{8F4CA4B3-74DB-4957-B60E-66434E6C004D}.Ad-Hoc|Mixed Platforms.ActiveCfg = Ad-Hoc|iPhone
		{8F4CA4B3-74DB-4957-B60E-66434E6C004D}.Ad-Hoc|Mixed Platforms.Build.0 = Ad-Hoc|iPhone
		{8F4CA4B3-74DB-4957-B60E-66434E6C004D}.Ad-Hoc|x86.ActiveCfg = Ad-Hoc|iPhone
		{8F4CA4B3-74DB-4957-B60E-66434E6C004D}.AppStore|Any CPU.ActiveCfg = AppStore|iPhone
		{8F4CA4B3-74DB-4957-B60E-66434E6C004D}.AppStore|ARM.ActiveCfg = AppStore|iPhone
		{8F4CA4B3-74DB-4957-B60E-66434E6C004D}.AppStore|iPhone.ActiveCfg = AppStore|iPhone
		{8F4CA4B3-74DB-4957-B60E-66434E6C004D}.AppStore|iPhone.Build.0 = AppStore|iPhone
		{8F4CA4B3-74DB-4957-B60E-66434E6C004D}.AppStore|iPhoneSimulator.ActiveCfg = AppStore|iPhoneSimulator
		{8F4CA4B3-74DB-4957-B60E-66434E6C004D}.AppStore|iPhoneSimulator.Build.0 = AppStore|iPhoneSimulator
		{8F4CA4B3-74DB-4957-B60E-66434E6C004D}.AppStore|Mixed Platforms.ActiveCfg = AppStore|iPhone
		{8F4CA4B3-74DB-4957-B60E-66434E6C004D}.AppStore|Mixed Platforms.Build.0 = AppStore|iPhone
		{8F4CA4B3-74DB-4957-B60E-66434E6C004D}.AppStore|x86.ActiveCfg = AppStore|iPhone
		{8F4CA4B3-74DB-4957-B60E-66434E6C004D}.Debug|Any CPU.ActiveCfg = Debug|iPhone
		{8F4CA4B3-74DB-4957-B60E-66434E6C004D}.Debug|ARM.ActiveCfg = Debug|iPhone
		{8F4CA4B3-74DB-4957-B60E-66434E6C004D}.Debug|iPhone.ActiveCfg = Debug|iPhone
		{8F4CA4B3-74DB-4957-B60E-66434E6C004D}.Debug|iPhone.Build.0 = Debug|iPhone
		{8F4CA4B3-74DB-4957-B60E-66434E6C004D}.Debug|iPhoneSimulator.ActiveCfg = Debug|iPhoneSimulator
		{8F4CA4B3-74DB-4957-B60E-66434E6C004D}.Debug|iPhoneSimulator.Build.0 = Debug|iPhoneSimulator
		{8F4CA4B3-74DB-4957-B60E-66434E6C004D}.Debug|Mixed Platforms.ActiveCfg = Debug|iPhone
		{8F4CA4B3-74DB-4957-B60E-66434E6C004D}.Debug|Mixed Platforms.Build.0 = Debug|iPhone
		{8F4CA4B3-74DB-4957-B60E-66434E6C004D}.Debug|x86.ActiveCfg = Debug|iPhone
		{8F4CA4B3-74DB-4957-B60E-66434E6C004D}.Release|Any CPU.ActiveCfg = Release|iPhone
		{8F4CA4B3-74DB-4957-B60E-66434E6C004D}.Release|ARM.ActiveCfg = Release|iPhone
		{8F4CA4B3-74DB-4957-B60E-66434E6C004D}.Release|iPhone.ActiveCfg = Release|iPhone
		{8F4CA4B3-74DB-4957-B60E-66434E6C004D}.Release|iPhone.Build.0 = Release|iPhone
		{8F4CA4B3-74DB-4957-B60E-66434E6C004D}.Release|iPhoneSimulator.ActiveCfg = Release|iPhoneSimulator
		{8F4CA4B3-74DB-4957-B60E-66434E6C004D}.Release|iPhoneSimulator.Build.0 = Release|iPhoneSimulator
		{8F4CA4B3-74DB-4957-B60E-66434E6C004D}.Release|Mixed Platforms.ActiveCfg = Release|iPhone
		{8F4CA4B3-74DB-4957-B60E-66434E6C004D}.Release|Mixed Platforms.Build.0 = Release|iPhone
		{8F4CA4B3-74DB-4957-B60E-66434E6C004D}.Release|x86.ActiveCfg = Release|iPhone
		{3780F5DC-8EF2-4802-AFD2-A654870A603F}.Ad-Hoc|Any CPU.ActiveCfg = Release|Any CPU
		{3780F5DC-8EF2-4802-AFD2-A654870A603F}.Ad-Hoc|Any CPU.Build.0 = Release|Any CPU
		{3780F5DC-8EF2-4802-AFD2-A654870A603F}.Ad-Hoc|Any CPU.Deploy.0 = Release|Any CPU
		{3780F5DC-8EF2-4802-AFD2-A654870A603F}.Ad-Hoc|ARM.ActiveCfg = Release|Any CPU
		{3780F5DC-8EF2-4802-AFD2-A654870A603F}.Ad-Hoc|iPhone.ActiveCfg = Release|Any CPU
		{3780F5DC-8EF2-4802-AFD2-A654870A603F}.Ad-Hoc|iPhoneSimulator.ActiveCfg = Release|Any CPU
		{3780F5DC-8EF2-4802-AFD2-A654870A603F}.Ad-Hoc|Mixed Platforms.ActiveCfg = Release|Any CPU
		{3780F5DC-8EF2-4802-AFD2-A654870A603F}.Ad-Hoc|Mixed Platforms.Build.0 = Release|Any CPU
		{3780F5DC-8EF2-4802-AFD2-A654870A603F}.Ad-Hoc|Mixed Platforms.Deploy.0 = Release|Any CPU
		{3780F5DC-8EF2-4802-AFD2-A654870A603F}.Ad-Hoc|x86.ActiveCfg = Release|Any CPU
		{3780F5DC-8EF2-4802-AFD2-A654870A603F}.AppStore|Any CPU.ActiveCfg = Release|Any CPU
		{3780F5DC-8EF2-4802-AFD2-A654870A603F}.AppStore|Any CPU.Build.0 = Release|Any CPU
		{3780F5DC-8EF2-4802-AFD2-A654870A603F}.AppStore|Any CPU.Deploy.0 = Release|Any CPU
		{3780F5DC-8EF2-4802-AFD2-A654870A603F}.AppStore|ARM.ActiveCfg = Release|Any CPU
		{3780F5DC-8EF2-4802-AFD2-A654870A603F}.AppStore|iPhone.ActiveCfg = Release|Any CPU
		{3780F5DC-8EF2-4802-AFD2-A654870A603F}.AppStore|iPhoneSimulator.ActiveCfg = Release|Any CPU
		{3780F5DC-8EF2-4802-AFD2-A654870A603F}.AppStore|Mixed Platforms.ActiveCfg = Release|Any CPU
		{3780F5DC-8EF2-4802-AFD2-A654870A603F}.AppStore|Mixed Platforms.Build.0 = Release|Any CPU
		{3780F5DC-8EF2-4802-AFD2-A654870A603F}.AppStore|Mixed Platforms.Deploy.0 = Release|Any CPU
		{3780F5DC-8EF2-4802-AFD2-A654870A603F}.AppStore|x86.ActiveCfg = Release|Any CPU
		{3780F5DC-8EF2-4802-AFD2-A654870A603F}.Debug|Any CPU.ActiveCfg = Debug|Any CPU
		{3780F5DC-8EF2-4802-AFD2-A654870A603F}.Debug|Any CPU.Build.0 = Debug|Any CPU
		{3780F5DC-8EF2-4802-AFD2-A654870A603F}.Debug|Any CPU.Deploy.0 = Debug|Any CPU
		{3780F5DC-8EF2-4802-AFD2-A654870A603F}.Debug|ARM.ActiveCfg = Debug|Any CPU
		{3780F5DC-8EF2-4802-AFD2-A654870A603F}.Debug|iPhone.ActiveCfg = Debug|Any CPU
		{3780F5DC-8EF2-4802-AFD2-A654870A603F}.Debug|iPhoneSimulator.ActiveCfg = Debug|Any CPU
		{3780F5DC-8EF2-4802-AFD2-A654870A603F}.Debug|Mixed Platforms.ActiveCfg = Debug|Any CPU
		{3780F5DC-8EF2-4802-AFD2-A654870A603F}.Debug|Mixed Platforms.Build.0 = Debug|Any CPU
		{3780F5DC-8EF2-4802-AFD2-A654870A603F}.Debug|Mixed Platforms.Deploy.0 = Debug|Any CPU
		{3780F5DC-8EF2-4802-AFD2-A654870A603F}.Debug|x86.ActiveCfg = Debug|Any CPU
		{3780F5DC-8EF2-4802-AFD2-A654870A603F}.Release|Any CPU.ActiveCfg = Release|Any CPU
		{3780F5DC-8EF2-4802-AFD2-A654870A603F}.Release|Any CPU.Build.0 = Release|Any CPU
		{3780F5DC-8EF2-4802-AFD2-A654870A603F}.Release|Any CPU.Deploy.0 = Release|Any CPU
		{3780F5DC-8EF2-4802-AFD2-A654870A603F}.Release|ARM.ActiveCfg = Release|Any CPU
		{3780F5DC-8EF2-4802-AFD2-A654870A603F}.Release|iPhone.ActiveCfg = Release|Any CPU
		{3780F5DC-8EF2-4802-AFD2-A654870A603F}.Release|iPhoneSimulator.ActiveCfg = Release|Any CPU
		{3780F5DC-8EF2-4802-AFD2-A654870A603F}.Release|Mixed Platforms.ActiveCfg = Release|Any CPU
		{3780F5DC-8EF2-4802-AFD2-A654870A603F}.Release|Mixed Platforms.Build.0 = Release|Any CPU
		{3780F5DC-8EF2-4802-AFD2-A654870A603F}.Release|Mixed Platforms.Deploy.0 = Release|Any CPU
		{3780F5DC-8EF2-4802-AFD2-A654870A603F}.Release|x86.ActiveCfg = Release|Any CPU
		{756858C5-16BA-4E01-A3A8-4706D12DBA78}.Ad-Hoc|Any CPU.ActiveCfg = Release|Any CPU
		{756858C5-16BA-4E01-A3A8-4706D12DBA78}.Ad-Hoc|Any CPU.Build.0 = Release|Any CPU
		{756858C5-16BA-4E01-A3A8-4706D12DBA78}.Ad-Hoc|ARM.ActiveCfg = Release|ARM
		{756858C5-16BA-4E01-A3A8-4706D12DBA78}.Ad-Hoc|ARM.Build.0 = Release|ARM
		{756858C5-16BA-4E01-A3A8-4706D12DBA78}.Ad-Hoc|iPhone.ActiveCfg = Release|Any CPU
		{756858C5-16BA-4E01-A3A8-4706D12DBA78}.Ad-Hoc|iPhoneSimulator.ActiveCfg = Release|Any CPU
		{756858C5-16BA-4E01-A3A8-4706D12DBA78}.Ad-Hoc|Mixed Platforms.ActiveCfg = Release|x86
		{756858C5-16BA-4E01-A3A8-4706D12DBA78}.Ad-Hoc|Mixed Platforms.Build.0 = Release|x86
		{756858C5-16BA-4E01-A3A8-4706D12DBA78}.Ad-Hoc|x86.ActiveCfg = Release|x86
		{756858C5-16BA-4E01-A3A8-4706D12DBA78}.Ad-Hoc|x86.Build.0 = Release|x86
		{756858C5-16BA-4E01-A3A8-4706D12DBA78}.AppStore|Any CPU.ActiveCfg = Release|Any CPU
		{756858C5-16BA-4E01-A3A8-4706D12DBA78}.AppStore|Any CPU.Build.0 = Release|Any CPU
		{756858C5-16BA-4E01-A3A8-4706D12DBA78}.AppStore|ARM.ActiveCfg = Release|ARM
		{756858C5-16BA-4E01-A3A8-4706D12DBA78}.AppStore|ARM.Build.0 = Release|ARM
		{756858C5-16BA-4E01-A3A8-4706D12DBA78}.AppStore|iPhone.ActiveCfg = Release|Any CPU
		{756858C5-16BA-4E01-A3A8-4706D12DBA78}.AppStore|iPhoneSimulator.ActiveCfg = Release|Any CPU
		{756858C5-16BA-4E01-A3A8-4706D12DBA78}.AppStore|Mixed Platforms.ActiveCfg = Release|x86
		{756858C5-16BA-4E01-A3A8-4706D12DBA78}.AppStore|Mixed Platforms.Build.0 = Release|x86
		{756858C5-16BA-4E01-A3A8-4706D12DBA78}.AppStore|x86.ActiveCfg = Release|x86
		{756858C5-16BA-4E01-A3A8-4706D12DBA78}.AppStore|x86.Build.0 = Release|x86
		{756858C5-16BA-4E01-A3A8-4706D12DBA78}.Debug|Any CPU.ActiveCfg = Debug|Any CPU
		{756858C5-16BA-4E01-A3A8-4706D12DBA78}.Debug|Any CPU.Build.0 = Debug|Any CPU
		{756858C5-16BA-4E01-A3A8-4706D12DBA78}.Debug|ARM.ActiveCfg = Debug|ARM
		{756858C5-16BA-4E01-A3A8-4706D12DBA78}.Debug|ARM.Build.0 = Debug|ARM
		{756858C5-16BA-4E01-A3A8-4706D12DBA78}.Debug|iPhone.ActiveCfg = Debug|Any CPU
		{756858C5-16BA-4E01-A3A8-4706D12DBA78}.Debug|iPhoneSimulator.ActiveCfg = Debug|Any CPU
		{756858C5-16BA-4E01-A3A8-4706D12DBA78}.Debug|Mixed Platforms.ActiveCfg = Debug|x86
		{756858C5-16BA-4E01-A3A8-4706D12DBA78}.Debug|Mixed Platforms.Build.0 = Debug|x86
		{756858C5-16BA-4E01-A3A8-4706D12DBA78}.Debug|x86.ActiveCfg = Debug|x86
		{756858C5-16BA-4E01-A3A8-4706D12DBA78}.Debug|x86.Build.0 = Debug|x86
		{756858C5-16BA-4E01-A3A8-4706D12DBA78}.Release|Any CPU.ActiveCfg = Release|Any CPU
		{756858C5-16BA-4E01-A3A8-4706D12DBA78}.Release|Any CPU.Build.0 = Release|Any CPU
		{756858C5-16BA-4E01-A3A8-4706D12DBA78}.Release|ARM.ActiveCfg = Release|ARM
		{756858C5-16BA-4E01-A3A8-4706D12DBA78}.Release|ARM.Build.0 = Release|ARM
		{756858C5-16BA-4E01-A3A8-4706D12DBA78}.Release|iPhone.ActiveCfg = Release|Any CPU
		{756858C5-16BA-4E01-A3A8-4706D12DBA78}.Release|iPhoneSimulator.ActiveCfg = Release|Any CPU
		{756858C5-16BA-4E01-A3A8-4706D12DBA78}.Release|Mixed Platforms.ActiveCfg = Release|x86
		{756858C5-16BA-4E01-A3A8-4706D12DBA78}.Release|Mixed Platforms.Build.0 = Release|x86
		{756858C5-16BA-4E01-A3A8-4706D12DBA78}.Release|x86.ActiveCfg = Release|x86
		{756858C5-16BA-4E01-A3A8-4706D12DBA78}.Release|x86.Build.0 = Release|x86
	EndGlobalSection
	GlobalSection(SolutionProperties) = preSolution
		HideSolutionNode = FALSE
	EndGlobalSection
EndGlobal
